
Microsoft Visual Studio Solution File, Format Version 12.00
# Visual Studio Version 16
VisualStudioVersion = 16.0.32602.291
MinimumVisualStudioVersion = 10.0.40219.1
Project("{8BC9CEB8-8B4A-11D0-8D11-00A0C91BC942}") = "runner", "runner\runner.vcxproj", "{E70002B0-D556-49BF-9D72-6DEDB0D20442}"
EndProject
Project("{2150E333-8FDC-42A3-9474-1A3956D46DE8}") = "swig", "swig", "{35F901B0-056E-452F-9BC5-803800AD0790}"
EndProject
Project("{8BC9CEB8-8B4A-11D0-8D11-00A0C91BC942}") = "bricks-java", "swig\bricks-java\bricks-java.vcxproj", "{C0D876C2-61C2-400C-9C88-273EB3D649D6}"
EndProject
Project("{8BC9CEB8-8B4A-11D0-8D11-00A0C91BC942}") = "bricks", "bricks\bricks.vcxproj", "{4045A212-F1F9-467C-B2EA-9605739EC30F}"
EndProject
Global
	GlobalSection(SolutionConfigurationPlatforms) = preSolution
		Debug|x64 = Debug|x64
		Debug|x86 = Debug|x86
		Release|x64 = Release|x64
		Release|x86 = Release|x86
	EndGlobalSection
	GlobalSection(ProjectConfigurationPlatforms) = postSolution
		{E70002B0-D556-49BF-9D72-6DEDB0D20442}.Debug|x64.ActiveCfg = Debug|x64
		{E70002B0-D556-49BF-9D72-6DEDB0D20442}.Debug|x64.Build.0 = Debug|x64
		{E70002B0-D556-49BF-9D72-6DEDB0D20442}.Debug|x86.ActiveCfg = Debug|Win32
		{E70002B0-D556-49BF-9D72-6DEDB0D20442}.Debug|x86.Build.0 = Debug|Win32
		{E70002B0-D556-49BF-9D72-6DEDB0D20442}.Release|x64.ActiveCfg = Release|x64
		{E70002B0-D556-49BF-9D72-6DEDB0D20442}.Release|x64.Build.0 = Release|x64
		{E70002B0-D556-49BF-9D72-6DEDB0D20442}.Release|x86.ActiveCfg = Release|Win32
		{E70002B0-D556-49BF-9D72-6DEDB0D20442}.Release|x86.Build.0 = Release|Win32
		{C0D876C2-61C2-400C-9C88-273EB3D649D6}.Debug|x64.ActiveCfg = Debug|x64
		{C0D876C2-61C2-400C-9C88-273EB3D649D6}.Debug|x64.Build.0 = Debug|x64
		{C0D876C2-61C2-400C-9C88-273EB3D649D6}.Debug|x86.ActiveCfg = Debug|Win32
		{C0D876C2-61C2-400C-9C88-273EB3D649D6}.Debug|x86.Build.0 = Debug|Win32
		{C0D876C2-61C2-400C-9C88-273EB3D649D6}.Release|x64.ActiveCfg = Release|x64
		{C0D876C2-61C2-400C-9C88-273EB3D649D6}.Release|x64.Build.0 = Release|x64
		{C0D876C2-61C2-400C-9C88-273EB3D649D6}.Release|x86.ActiveCfg = Release|Win32
		{C0D876C2-61C2-400C-9C88-273EB3D649D6}.Release|x86.Build.0 = Release|Win32
		{4045A212-F1F9-467C-B2EA-9605739EC30F}.Debug|x64.ActiveCfg = Debug|x64
		{4045A212-F1F9-467C-B2EA-9605739EC30F}.Debug|x64.Build.0 = Debug|x64
		{4045A212-F1F9-467C-B2EA-9605739EC30F}.Debug|x86.ActiveCfg = Debug|Win32
		{4045A212-F1F9-467C-B2EA-9605739EC30F}.Debug|x86.Build.0 = Debug|Win32
		{4045A212-F1F9-467C-B2EA-9605739EC30F}.Release|x64.ActiveCfg = Release|x64
		{4045A212-F1F9-467C-B2EA-9605739EC30F}.Release|x64.Build.0 = Release|x64
		{4045A212-F1F9-467C-B2EA-9605739EC30F}.Release|x86.ActiveCfg = Release|Win32
		{4045A212-F1F9-467C-B2EA-9605739EC30F}.Release|x86.Build.0 = Release|Win32
	EndGlobalSection
	GlobalSection(SolutionProperties) = preSolution
		HideSolutionNode = FALSE
	EndGlobalSection
	GlobalSection(NestedProjects) = preSolution
		{C0D876C2-61C2-400C-9C88-273EB3D649D6} = {35F901B0-056E-452F-9BC5-803800AD0790}
	EndGlobalSection
	GlobalSection(ExtensibilityGlobals) = postSolution
		SolutionGuid = {2D0E9DB7-E433-400A-9405-36B98A0C1A97}
	EndGlobalSection
EndGlobal
