<?xml version="1.0" encoding="utf-8"?>
<Project ToolsVersion="4.0" xmlns="http://schemas.microsoft.com/developer/msbuild/2003">
  <ItemGroup>
    <ClCompile Include="dllmain.cpp" />
    <ClCompile Include="pch.cpp" />
    <ClCompile Include="..\..\3rdparty\modules\tinyxml2\tinyxml2.cpp">
      <Filter>3rdparty</Filter>
    </ClCompile>
    <ClCompile Include="xtree_impl.cpp" />
    <ClCompile Include="common.cpp" />
    <ClCompile Include="selector_impl.cpp" />
    <ClCompile Include="queue_impl.cpp" />
    <ClCompile Include="xtree_xml.cpp" />
    <ClCompile Include="xtree_cloner.cpp" />
    <ClCompile Include="buffer_impl.cpp" />
  </ItemGroup>
  <ItemGroup>
    <ClInclude Include="framework.h" />
    <ClInclude Include="pch.h" />
    <ClInclude Include="xtree_impl.h" />
    <ClInclude Include="locking_queue.h" />
    <ClInclude Include="selector_impl.h" />
    <ClInclude Include="queue_impl.h" />
    <ClInclude Include="xtree_xml.h" />
    <ClInclude Include="xtree_cloner.h" />
    <ClInclude Include="buffer_impl.h" />
    <ClInclude Include="include\bricks.h">
      <Filter>include</Filter>
    </ClInclude>
    <ClInclude Include="include\buffer.h">
      <Filter>include</Filter>
    </ClInclude>
    <ClInclude Include="include\common.h">
      <Filter>include</Filter>
    </ClInclude>
    <ClInclude Include="include\plugin.h">
      <Filter>include</Filter>
    </ClInclude>
    <ClInclude Include="include\queue.h">
      <Filter>include</Filter>
    </ClInclude>
    <ClInclude Include="include\selector.h">
      <Filter>include</Filter>
    </ClInclude>
    <ClInclude Include="include\utils.h">
      <Filter>include</Filter>
    </ClInclude>
    <ClInclude Include="include\xtree.h">
      <Filter>include</Filter>
    </ClInclude>
  </ItemGroup>
  <ItemGroup>
    <Filter Include="3rdparty">
      <UniqueIdentifier>{a81d7290-b53f-46bf-9a3e-2fdb6401e3d5}</UniqueIdentifier>
    </Filter>
    <Filter Include="include">
      <UniqueIdentifier>{9a643695-87f6-4d5d-a5ea-f09ad2462596}</UniqueIdentifier>
    </Filter>
  </ItemGroup>
</Project>